
Microsoft Visual Studio Solution File, Format Version 12.00
# Visual Studio Version 17
VisualStudioVersion = 17.0.31903.59
MinimumVisualStudioVersion = 10.0.40219.1
Project("{FAE04EC0-301F-11D3-BF4B-00C04F79EFBC}") = "ClassLib1", "ClassLib1\ClassLib1.csproj", "{1986DEF1-9C60-4725-B891-132E00CFC498}"
EndProject
Project("{FAE04EC0-301F-11D3-BF4B-00C04F79EFBC}") = "ClassLib2", "ClassLib2\ClassLib2.csproj", "{FCC25606-61E9-41D0-B1F7-C9E49E2B25C4}"
EndProject
Project("{FAE04EC0-301F-11D3-BF4B-00C04F79EFBC}") = "Console", "Console\Console.csproj", "{3499DB6F-B0CD-46B6-BF6E-D7D5E53E98BB}"
EndProject
Global
	GlobalSection(SolutionConfigurationPlatforms) = preSolution
		Debug|Any CPU = Debug|Any CPU
		Release|Any CPU = Release|Any CPU
	EndGlobalSection
	GlobalSection(SolutionProperties) = preSolution
		HideSolutionNode = FALSE
	EndGlobalSection
	GlobalSection(ProjectConfigurationPlatforms) = postSolution
		{1986DEF1-9C60-4725-B891-132E00CFC498}.Debug|Any CPU.ActiveCfg = Debug|Any CPU
		{1986DEF1-9C60-4725-B891-132E00CFC498}.Debug|Any CPU.Build.0 = Debug|Any CPU
		{1986DEF1-9C60-4725-B891-132E00CFC498}.Release|Any CPU.ActiveCfg = Release|Any CPU
		{1986DEF1-9C60-4725-B891-132E00CFC498}.Release|Any CPU.Build.0 = Release|Any CPU
		{FCC25606-61E9-41D0-B1F7-C9E49E2B25C4}.Debug|Any CPU.ActiveCfg = Debug|Any CPU
		{FCC25606-61E9-41D0-B1F7-C9E49E2B25C4}.Debug|Any CPU.Build.0 = Debug|Any CPU
		{FCC25606-61E9-41D0-B1F7-C9E49E2B25C4}.Release|Any CPU.ActiveCfg = Release|Any CPU
		{FCC25606-61E9-41D0-B1F7-C9E49E2B25C4}.Release|Any CPU.Build.0 = Release|Any CPU
		{3499DB6F-B0CD-46B6-BF6E-D7D5E53E98BB}.Debug|Any CPU.ActiveCfg = Debug|Any CPU
		{3499DB6F-B0CD-46B6-BF6E-D7D5E53E98BB}.Debug|Any CPU.Build.0 = Debug|Any CPU
		{3499DB6F-B0CD-46B6-BF6E-D7D5E53E98BB}.Release|Any CPU.ActiveCfg = Release|Any CPU
		{3499DB6F-B0CD-46B6-BF6E-D7D5E53E98BB}.Release|Any CPU.Build.0 = Release|Any CPU
	EndGlobalSection
EndGlobal
